<?xml version="1.0" encoding="utf-8"?>
<Project ToolsVersion="4.0" xmlns="http://schemas.microsoft.com/developer/msbuild/2003">
  <ItemGroup>
    <Filter Include="External">
      <UniqueIdentifier>{67DA6AB6-F800-4c08-8B7A-83BB121AAD01}</UniqueIdentifier>
      <Extensions>rc;ico;cur;bmp;dlg;rc2;rct;bin;rgs;gif;jpg;jpeg;jpe;resx;tiff;tif;png;wav;mfcribbon-ms</Extensions>
    </Filter>
    <Filter Include="Source">
      <UniqueIdentifier>{4FC737F1-C7A5-4376-A066-2A32D752A2FF}</UniqueIdentifier>
      <Extensions>cpp;c;cc;cxx;def;odl;idl;hpj;bat;asm;asmx</Extensions>
    </Filter>
    <Filter Include="External\imgui-docking">
      <UniqueIdentifier>{c85446c9-90d2-4441-add5-5aac511d95ce}</UniqueIdentifier>
    </Filter>
    <Filter Include="Shader">
      <UniqueIdentifier>{9f64f4ff-d9e0-43d7-88e1-13e6d3656a89}</UniqueIdentifier>
      <Extensions>hlsl;hlsli</Extensions>
    </Filter>
    <Filter Include="External\ImGuizmo">
      <UniqueIdentifier>{5f7002dc-627e-48c5-9e59-33cef80467f8}</UniqueIdentifier>
    </Filter>
    <Filter Include="Source\01_重みのある衝突処理">
      <UniqueIdentifier>{1b2970fe-51da-4b8e-a1ff-3dde86b2c578}</UniqueIdentifier>
    </Filter>
    <Filter Include="Source\00_モデルビューア">
      <UniqueIdentifier>{97901063-2033-423d-b439-971a334fa448}</UniqueIdentifier>
    </Filter>
    <Filter Include="Source\02_レース順位判定処理">
      <UniqueIdentifier>{78f7aef8-b204-4287-9681-086d83a9037e}</UniqueIdentifier>
    </Filter>
    <Filter Include="Source\05_ルートモーション処理">
      <UniqueIdentifier>{8a1d19bb-f7dd-4669-b8da-f068f624aa1b}</UniqueIdentifier>
    </Filter>
    <Filter Include="Source\10_2本のボーンIK制御">
      <UniqueIdentifier>{6299fbba-e0b7-443e-b28d-f1b1617791ae}</UniqueIdentifier>
    </Filter>
    <Filter Include="External\SphereCast">
      <UniqueIdentifier>{febe62f4-6eb6-44d0-8434-1fd681194144}</UniqueIdentifier>
    </Filter>
    <Filter Include="Source\03_スフィアキャスト移動処理">
      <UniqueIdentifier>{99efd811-7a06-4b11-88fb-0f28449af07d}</UniqueIdentifier>
    </Filter>
    <Filter Include="Source\04_剣の軌跡処理">
      <UniqueIdentifier>{bf9bbd6a-d4ef-49a0-9236-30fa6113b29b}</UniqueIdentifier>
    </Filter>
    <Filter Include="Source\06_コマンド判定処理">
      <UniqueIdentifier>{4b5d0d24-f507-407b-9f3e-f4d95fa3a476}</UniqueIdentifier>
    </Filter>
    <Filter Include="Source\07_空間分割レイキャスト">
      <UniqueIdentifier>{587a3b72-c024-40db-a5f1-b5a60eb5dfb7}</UniqueIdentifier>
    </Filter>
    <Filter Include="Source\08_ソート＆フィルタリング処理">
      <UniqueIdentifier>{27212483-28ac-4c3f-b4d4-b65d2f43d40f}</UniqueIdentifier>
    </Filter>
    <Filter Include="Source\09_ルックアット処理">
      <UniqueIdentifier>{ee624467-1a13-46b9-8c91-23c3a8c15dbc}</UniqueIdentifier>
    </Filter>
    <Filter Include="Source\11_球と三角形の衝突処理">
      <UniqueIdentifier>{b8711069-5c05-4191-9992-e660d9efc921}</UniqueIdentifier>
    </Filter>
    <Filter Include="Source\05_ルートモーション処理EX">
      <UniqueIdentifier>{6a94bf9d-de15-4fb1-ae4e-e1d5021f50f2}</UniqueIdentifier>
    </Filter>
  </ItemGroup>
  <ItemGroup>
    <ClInclude Include="Source\System\Framework.h">
      <Filter>Source</Filter>
    </ClInclude>
    <ClInclude Include="Source\System\HighResolutionTimer.h">
      <Filter>Source</Filter>
    </ClInclude>
    <ClInclude Include="Source\System\Misc.h">
      <Filter>Source</Filter>
    </ClInclude>
    <ClInclude Include="External\imgui-docking\imconfig.h">
      <Filter>External\imgui-docking</Filter>
    </ClInclude>
    <ClInclude Include="External\imgui-docking\imgui.h">
      <Filter>External\imgui-docking</Filter>
    </ClInclude>
    <ClInclude Include="External\imgui-docking\imgui_impl_dx11.h">
      <Filter>External\imgui-docking</Filter>
    </ClInclude>
    <ClInclude Include="External\imgui-docking\imgui_impl_win32.h">
      <Filter>External\imgui-docking</Filter>
    </ClInclude>
    <ClInclude Include="External\imgui-docking\imgui_internal.h">
      <Filter>External\imgui-docking</Filter>
    </ClInclude>
    <ClInclude Include="External\imgui-docking\imstb_rectpack.h">
      <Filter>External\imgui-docking</Filter>
    </ClInclude>
    <ClInclude Include="External\imgui-docking\imstb_textedit.h">
      <Filter>External\imgui-docking</Filter>
    </ClInclude>
    <ClInclude Include="External\imgui-docking\imstb_truetype.h">
      <Filter>External\imgui-docking</Filter>
    </ClInclude>
    <ClInclude Include="Source\Debug\ImGuiRenderer.h">
      <Filter>Source</Filter>
    </ClInclude>
    <ClInclude Include="Source\Graphics\Graphics.h">
      <Filter>Source</Filter>
    </ClInclude>
    <ClInclude Include="Source\Sprite\Sprite.h">
      <Filter>Source</Filter>
    </ClInclude>
    <ClInclude Include="Source\Scene\Scene.h">
      <Filter>Source</Filter>
    </ClInclude>
    <ClInclude Include="Source\Graphics\GpuResourceUtils.h">
      <Filter>Source</Filter>
    </ClInclude>
    <ClInclude Include="Source\Graphics\RenderState.h">
      <Filter>Source</Filter>
    </ClInclude>
    <ClInclude Include="Source\Camera\Camera.h">
      <Filter>Source</Filter>
    </ClInclude>
    <ClInclude Include="Source\Debug\ShapeRenderer.h">
      <Filter>Source</Filter>
    </ClInclude>
    <ClInclude Include="Source\Graphics\RenderContext.h">
      <Filter>Source</Filter>
    </ClInclude>
    <ClInclude Include="Source\Model\Model.h">
      <Filter>Source</Filter>
    </ClInclude>
    <ClInclude Include="Source\Graphics\Shader.h">
      <Filter>Source</Filter>
    </ClInclude>
    <ClInclude Include="Source\Math\TransformUtils.h">
      <Filter>Source</Filter>
    </ClInclude>
    <ClInclude Include="Source\Camera\FreeCameraController.h">
      <Filter>Source</Filter>
    </ClInclude>
    <ClInclude Include="Source\Model\GLTFImporter.h">
      <Filter>Source</Filter>
    </ClInclude>
    <ClInclude Include="Source\Debug\PrimitiveRenderer.h">
      <Filter>Source</Filter>
    </ClInclude>
    <ClInclude Include="Source\Graphics\BasicShader.h">
      <Filter>Source</Filter>
    </ClInclude>
    <ClInclude Include="External\ImGuizmo\ImCurveEdit.h">
      <Filter>External\ImGuizmo</Filter>
    </ClInclude>
    <ClInclude Include="External\ImGuizmo\ImGradient.h">
      <Filter>External\ImGuizmo</Filter>
    </ClInclude>
    <ClInclude Include="External\ImGuizmo\ImGuizmo.h">
      <Filter>External\ImGuizmo</Filter>
    </ClInclude>
    <ClInclude Include="External\ImGuizmo\ImSequencer.h">
      <Filter>External\ImGuizmo</Filter>
    </ClInclude>
    <ClInclude Include="Source\System\Dialog.h">
      <Filter>Source</Filter>
    </ClInclude>
    <ClInclude Include="Source\Graphics\Light.h">
      <Filter>Source</Filter>
    </ClInclude>
    <ClInclude Include="Source\Graphics\LambertShader.h">
      <Filter>Source</Filter>
    </ClInclude>
    <ClInclude Include="Source\Model\ModelRenderer.h">
      <Filter>Source</Filter>
    </ClInclude>
    <ClInclude Include="External\SphereCast\Include\SphereCast.h">
      <Filter>External\SphereCast</Filter>
    </ClInclude>
    <ClInclude Include="Source\Model\ResourceManager.h" />
    <ClInclude Include="Source\Model\ModelResource.h" />
    <ClInclude Include="Source\Scene\SceneTitle.h" />
    <ClInclude Include="Source\Scene\ConfirmCommandScene.h" />
    <ClInclude Include="Source\Scene\SwordTrailScene.h" />
    <ClInclude Include="Source\Graphics\FrameBuffer.h" />
    <ClInclude Include="Source\Scene\SphereCastMoveScene.h" />
    <ClInclude Include="Source\Scene\SpaceDivisionRaycastScene.h" />
    <ClInclude Include="Source\Scene\SceneGame.h" />
    <ClInclude Include="Source\Scene\SceneLoading.h" />
    <ClInclude Include="Source\Scene\SceneManager.h" />
    <ClInclude Include="Source\Character\Character.h" />
    <ClInclude Include="Source\Input\Input.h" />
    <ClInclude Include="Source\Input\GamePad.h" />
    <ClInclude Include="Source\Input\Mouse.h" />
    <ClInclude Include="Source\Math\Mathf.h" />
    <ClInclude Include="Source\Math\Collision.h" />
    <ClInclude Include="Source\Math\Easing.h" />
    <ClInclude Include="Source\Stage\Stage.h" />
    <ClInclude Include="Source\Stage\StageMain.h" />
    <ClInclude Include="Source\Stage\StageManager.h" />
    <ClInclude Include="Source\Scene\SceneResult.h" />
    <ClInclude Include="Source\Character\Player.h" />
    <ClInclude Include="Source\Camera\CameraParam.h" />
    <ClInclude Include="Source\Camera\CameraController.h" />
  </ItemGroup>
  <ItemGroup>
    <ClCompile Include="Source\System\Framework.cpp">
      <Filter>Source</Filter>
    </ClCompile>
    <ClCompile Include="Source\System\Main.cpp">
      <Filter>Source</Filter>
    </ClCompile>
    <ClCompile Include="External\imgui-docking\imgui.cpp">
      <Filter>External\imgui-docking</Filter>
    </ClCompile>
    <ClCompile Include="External\imgui-docking\imgui_demo.cpp">
      <Filter>External\imgui-docking</Filter>
    </ClCompile>
    <ClCompile Include="External\imgui-docking\imgui_draw.cpp">
      <Filter>External\imgui-docking</Filter>
    </ClCompile>
    <ClCompile Include="External\imgui-docking\imgui_impl_dx11.cpp">
      <Filter>External\imgui-docking</Filter>
    </ClCompile>
    <ClCompile Include="External\imgui-docking\imgui_impl_win32.cpp">
      <Filter>External\imgui-docking</Filter>
    </ClCompile>
    <ClCompile Include="External\imgui-docking\imgui_widgets.cpp">
      <Filter>External\imgui-docking</Filter>
    </ClCompile>
    <ClCompile Include="Source\Debug\ImGuiRenderer.cpp">
      <Filter>Source</Filter>
    </ClCompile>
    <ClCompile Include="Source\Graphics\Graphics.cpp">
      <Filter>Source</Filter>
    </ClCompile>
    <ClCompile Include="Source\Sprite\Sprite.cpp">
      <Filter>Source</Filter>
    </ClCompile>
    <ClCompile Include="Source\Scene\Scene.cpp">
      <Filter>Source</Filter>
    </ClCompile>
    <ClCompile Include="Source\Graphics\GpuResourceUtils.cpp">
      <Filter>Source</Filter>
    </ClCompile>
    <ClCompile Include="Source\Graphics\RenderState.cpp">
      <Filter>Source</Filter>
    </ClCompile>
    <ClCompile Include="Source\Camera\Camera.cpp">
      <Filter>Source</Filter>
    </ClCompile>
    <ClCompile Include="Source\Debug\ShapeRenderer.cpp">
      <Filter>Source</Filter>
    </ClCompile>
    <ClCompile Include="Source\Model\Model.cpp">
      <Filter>Source</Filter>
    </ClCompile>
    <ClCompile Include="Source\Math\TransformUtils.cpp">
      <Filter>Source</Filter>
    </ClCompile>
    <ClCompile Include="Source\Camera\FreeCameraController.cpp">
      <Filter>Source</Filter>
    </ClCompile>
    <ClCompile Include="Source\Model\GLTFImporter.cpp">
      <Filter>Source</Filter>
    </ClCompile>
    <ClCompile Include="Source\Debug\PrimitiveRenderer.cpp">
      <Filter>Source</Filter>
    </ClCompile>
    <ClCompile Include="Source\Graphics\BasicShader.cpp">
      <Filter>Source</Filter>
    </ClCompile>
    <ClCompile Include="External\ImGuizmo\ImCurveEdit.cpp">
      <Filter>External\ImGuizmo</Filter>
    </ClCompile>
    <ClCompile Include="External\ImGuizmo\ImGradient.cpp">
      <Filter>External\ImGuizmo</Filter>
    </ClCompile>
    <ClCompile Include="External\ImGuizmo\ImGuizmo.cpp">
      <Filter>External\ImGuizmo</Filter>
    </ClCompile>
    <ClCompile Include="External\ImGuizmo\ImSequencer.cpp">
      <Filter>External\ImGuizmo</Filter>
    </ClCompile>
    <ClCompile Include="Source\System\Dialog.cpp">
      <Filter>Source</Filter>
    </ClCompile>
    <ClCompile Include="Source\Graphics\LambertShader.cpp">
      <Filter>Source</Filter>
    </ClCompile>
    <ClCompile Include="Source\Model\ModelRenderer.cpp">
      <Filter>Source</Filter>
    </ClCompile>
    <ClCompile Include="Source\Model\ResourceManager.cpp">
      <Filter>Source</Filter>
    </ClCompile>
    <ClCompile Include="Source\Model\ModelResource.cpp">
      <Filter>Source</Filter>
    </ClCompile>
    <ClCompile Include="Source\Scene\SceneTitle.cpp">
      <Filter>Source</Filter>
    </ClCompile>
    <ClCompile Include="Source\Scene\ConfirmCommandScene.cpp">
      <Filter>Source</Filter>
    </ClCompile>
    <ClCompile Include="Source\Scene\SwordTrailScene.cpp">
      <Filter>Source</Filter>
    </ClCompile>
    <ClCompile Include="Source\Graphics\FrameBuffer.cpp">
      <Filter>Source</Filter>
    </ClCompile>
    <ClCompile Include="Source\Scene\SphereCastMoveScene.cpp">
      <Filter>Source</Filter>
    </ClCompile>
    <ClCompile Include="Source\Scene\SpaceDivisionRaycastScene.cpp">
      <Filter>Source</Filter>
    </ClCompile>
    <ClCompile Include="Source\Scene\SceneGame.cpp">
      <Filter>Source</Filter>
    </ClCompile>
    <ClCompile Include="Source\Scene\SceneLoading.cpp">
      <Filter>Source</Filter>
    </ClCompile>
    <ClCompile Include="Source\Scene\SceneManager.cpp">
      <Filter>Source</Filter>
    </ClCompile>
    <ClCompile Include="Source\Character\Character.cpp">
      <Filter>Source</Filter>
    </ClCompile>
    <ClCompile Include="Source\Input\Input.cpp">
      <Filter>Source</Filter>
    </ClCompile>
    <ClCompile Include="Source\Input\GamePad.cpp">
      <Filter>Source</Filter>
    </ClCompile>
    <ClCompile Include="Source\Input\Mouse.cpp">
      <Filter>Source</Filter>
    </ClCompile>
    <ClCompile Include="Source\Math\Mathf.cpp">
      <Filter>Source</Filter>
    </ClCompile>
    <ClCompile Include="Source\Math\Collision.cpp">
      <Filter>Source</Filter>
    </ClCompile>
    <ClCompile Include="Source\Stage\StageMain.cpp">
      <Filter>Source</Filter>
    </ClCompile>
    <ClCompile Include="Source\Stage\StageManager.cpp">
      <Filter>Source</Filter>
    </ClCompile>
    <ClCompile Include="Source\Scene\SceneResult.cpp">
      <Filter>Source</Filter>
    </ClCompile>
    <ClCompile Include="Source\Character\Player.cpp">
      <Filter>Source</Filter>
    </ClCompile>
    <ClCompile Include="Source\Camera\CameraController.cpp">
      <Filter>Source</Filter>
    </ClCompile>
  </ItemGroup>
  <ItemGroup>
    <None Include="Shader\Sprite.hlsli">
      <Filter>Shader</Filter>
    </None>
    <None Include="Shader\ShapeRenderer.hlsli">
      <Filter>Shader</Filter>
    </None>
    <None Include="Shader\Skinning.hlsli">
      <Filter>Shader</Filter>
    </None>
    <None Include="Shader\PrimitiveRenderer.hlsli">
      <Filter>Shader</Filter>
    </None>
    <None Include="Shader\Basic.hlsli">
      <Filter>Shader</Filter>
    </None>
    <None Include="Shader\Lambert.hlsli">
      <Filter>Shader</Filter>
    </None>
    <None Include="Shader\Scene.hlsli">
      <Filter>Shader</Filter>
    </None>
  </ItemGroup>
  <ItemGroup>
    <FxCompile Include="Shader\SpriteVS.hlsl">
      <Filter>Shader</Filter>
    </FxCompile>
    <FxCompile Include="Shader\SpritePS.hlsl">
      <Filter>Shader</Filter>
    </FxCompile>
    <FxCompile Include="Shader\ShapeRendererVS.hlsl">
      <Filter>Shader</Filter>
    </FxCompile>
    <FxCompile Include="Shader\ShapeRendererPS.hlsl">
      <Filter>Shader</Filter>
    </FxCompile>
    <FxCompile Include="Shader\PrimitiveRendererVS.hlsl">
      <Filter>Shader</Filter>
    </FxCompile>
    <FxCompile Include="Shader\PrimitiveRendererPS.hlsl">
      <Filter>Shader</Filter>
    </FxCompile>
    <FxCompile Include="Shader\BasicPS.hlsl">
      <Filter>Shader</Filter>
    </FxCompile>
    <FxCompile Include="Shader\BasicVS.hlsl">
      <Filter>Shader</Filter>
    </FxCompile>
    <FxCompile Include="Shader\LambertPS.hlsl">
      <Filter>Shader</Filter>
    </FxCompile>
    <FxCompile Include="Shader\LambertVS.hlsl">
      <Filter>Shader</Filter>
    </FxCompile>
  </ItemGroup>
</Project>